PODS:
  - OTMWebView (0.0.3):
    - OTMWebView/Core
    - OTMWebView/ProgressBar
  - OTMWebView/Core (0.0.3)
  - OTMWebView/ProgressBar (0.0.3)

DEPENDENCIES:
  - OTMWebView (from `../`)

EXTERNAL SOURCES:
  OTMWebView:
    :path: ../

SPEC CHECKSUMS:
  OTMWebView: ef049015ca6b3a8fc9bb51522055572caa8faa51

COCOAPODS: 0.33.1
