PODS:
  - OTMWebView (0.0.2):
    - OTMWebView/Core
    - OTMWebView/ProgressBar
  - OTMWebView/Core (0.0.2)
  - OTMWebView/ProgressBar (0.0.2)

DEPENDENCIES:
  - OTMWebView (from `../`)

EXTERNAL SOURCES:
  OTMWebView:
    :path: ../

SPEC CHECKSUMS:
  OTMWebView: 4359d8ddf9ba7e52a99a7b4626517f7e3d473924

COCOAPODS: 0.33.1
